
Microsoft Visual Studio Solution File, Format Version 12.00
# Visual Studio Version 16
VisualStudioVersion = 16.0.31313.79
MinimumVisualStudioVersion = 10.0.40219.1
Project("{FAE04EC0-301F-11D3-BF4B-00C04F79EFBC}") = "BooksDB", "BooksDB\BooksDB.csproj", "{CC75EB8F-AD34-4790-A5E2-4D13D8895A7F}"
EndProject
Global
	GlobalSection(SolutionConfigurationPlatforms) = preSolution
		Debug|Any CPU = Debug|Any CPU
		Release|Any CPU = Release|Any CPU
	EndGlobalSection
	GlobalSection(ProjectConfigurationPlatforms) = postSolution
		{CC75EB8F-AD34-4790-A5E2-4D13D8895A7F}.Debug|Any CPU.ActiveCfg = Debug|Any CPU
		{CC75EB8F-AD34-4790-A5E2-4D13D8895A7F}.Debug|Any CPU.Build.0 = Debug|Any CPU
		{CC75EB8F-AD34-4790-A5E2-4D13D8895A7F}.Release|Any CPU.ActiveCfg = Release|Any CPU
		{CC75EB8F-AD34-4790-A5E2-4D13D8895A7F}.Release|Any CPU.Build.0 = Release|Any CPU
	EndGlobalSection
	GlobalSection(SolutionProperties) = preSolution
		HideSolutionNode = FALSE
	EndGlobalSection
	GlobalSection(ExtensibilityGlobals) = postSolution
		SolutionGuid = {506EF55E-9DEE-46A5-849E-CFEA6ECB2CCD}
	EndGlobalSection
EndGlobal
